
Microsoft Visual Studio Solution File, Format Version 10.00
# Visual Studio 2008
Project("{2150E333-8FDC-42A3-9474-1A3956D46DE8}") = "leopard.common", "leopard.common", "{3FBEC7D7-8CD1-4F72-A912-220A560FC47F}"
EndProject
Project("{2150E333-8FDC-42A3-9474-1A3956D46DE8}") = "leopard.core", "leopard.core", "{E9F9E809-E16C-4341-B76F-C13E82C2543C}"
EndProject
Project("{2150E333-8FDC-42A3-9474-1A3956D46DE8}") = "leopard.eam", "leopard.eam", "{71D2C4B6-D8EE-42F4-8C83-385464370A25}"
EndProject
Project("{2150E333-8FDC-42A3-9474-1A3956D46DE8}") = "leopard.framework", "leopard.framework", "{02F50BBF-91E7-4355-B7EE-C3432BB50B94}"
EndProject
Project("{FAE04EC0-301F-11D3-BF4B-00C04F79EFBC}") = "leopard.core", "leopard.core\leopard.core.csproj", "{7B96228A-A844-4B44-8548-266315A159A7}"
EndProject
Project("{FAE04EC0-301F-11D3-BF4B-00C04F79EFBC}") = "framework", "leopard.frame\framework.csproj", "{D97894F4-0A69-4D90-8CCC-65A1271F6279}"
	ProjectSection(ProjectDependencies) = postProject
		{815A9824-A5B2-40D1-A86A-4FC6F3FE7DE6} = {815A9824-A5B2-40D1-A86A-4FC6F3FE7DE6}
		{08A94140-9F5F-44AA-97A1-153C3E0823F4} = {08A94140-9F5F-44AA-97A1-153C3E0823F4}
		{7B96228A-A844-4B44-8548-266315A159A7} = {7B96228A-A844-4B44-8548-266315A159A7}
		{4832F7E4-F207-41F7-A1C8-B871EAD21CEF} = {4832F7E4-F207-41F7-A1C8-B871EAD21CEF}
	EndProjectSection
EndProject
Project("{FAE04EC0-301F-11D3-BF4B-00C04F79EFBC}") = "leopard.utils", "leopard.utils\leopard.utils.csproj", "{08A94140-9F5F-44AA-97A1-153C3E0823F4}"
EndProject
Project("{FAE04EC0-301F-11D3-BF4B-00C04F79EFBC}") = "product.mod.eq", "product.modes\product.mod.eq\product.mod.eq.csproj", "{815A9824-A5B2-40D1-A86A-4FC6F3FE7DE6}"
EndProject
Project("{FAE04EC0-301F-11D3-BF4B-00C04F79EFBC}") = "product.mod.fa", "product.modes\product.mod.fa\product.mod.fa.csproj", "{4832F7E4-F207-41F7-A1C8-B871EAD21CEF}"
EndProject
Project("{FAE04EC0-301F-11D3-BF4B-00C04F79EFBC}") = "update", "leopard.update\update.csproj", "{AC524995-840A-4D1E-86CE-3459F38DE328}"
EndProject
Project("{FAE04EC0-301F-11D3-BF4B-00C04F79EFBC}") = "deploy.tools", "deploy.tools\deploy.tools.csproj", "{B7F825DD-5CC5-4AE1-8FA4-E8A9AD5EA1EE}"
EndProject
Global
	GlobalSection(SolutionConfigurationPlatforms) = preSolution
		Debug|Any CPU = Debug|Any CPU
		Release|Any CPU = Release|Any CPU
		x86|Any CPU = x86|Any CPU
	EndGlobalSection
	GlobalSection(ProjectConfigurationPlatforms) = postSolution
		{7B96228A-A844-4B44-8548-266315A159A7}.Debug|Any CPU.ActiveCfg = Debug|Any CPU
		{7B96228A-A844-4B44-8548-266315A159A7}.Debug|Any CPU.Build.0 = Debug|Any CPU
		{7B96228A-A844-4B44-8548-266315A159A7}.Release|Any CPU.ActiveCfg = Release|Any CPU
		{7B96228A-A844-4B44-8548-266315A159A7}.Release|Any CPU.Build.0 = Release|Any CPU
		{7B96228A-A844-4B44-8548-266315A159A7}.x86|Any CPU.ActiveCfg = x86|Any CPU
		{7B96228A-A844-4B44-8548-266315A159A7}.x86|Any CPU.Build.0 = x86|Any CPU
		{D97894F4-0A69-4D90-8CCC-65A1271F6279}.Debug|Any CPU.ActiveCfg = Debug|Any CPU
		{D97894F4-0A69-4D90-8CCC-65A1271F6279}.Debug|Any CPU.Build.0 = Debug|Any CPU
		{D97894F4-0A69-4D90-8CCC-65A1271F6279}.Release|Any CPU.ActiveCfg = Release|Any CPU
		{D97894F4-0A69-4D90-8CCC-65A1271F6279}.Release|Any CPU.Build.0 = Release|Any CPU
		{D97894F4-0A69-4D90-8CCC-65A1271F6279}.x86|Any CPU.ActiveCfg = x86|Any CPU
		{D97894F4-0A69-4D90-8CCC-65A1271F6279}.x86|Any CPU.Build.0 = x86|Any CPU
		{08A94140-9F5F-44AA-97A1-153C3E0823F4}.Debug|Any CPU.ActiveCfg = Debug|Any CPU
		{08A94140-9F5F-44AA-97A1-153C3E0823F4}.Debug|Any CPU.Build.0 = Debug|Any CPU
		{08A94140-9F5F-44AA-97A1-153C3E0823F4}.Release|Any CPU.ActiveCfg = Release|Any CPU
		{08A94140-9F5F-44AA-97A1-153C3E0823F4}.Release|Any CPU.Build.0 = Release|Any CPU
		{08A94140-9F5F-44AA-97A1-153C3E0823F4}.x86|Any CPU.ActiveCfg = x86|Any CPU
		{08A94140-9F5F-44AA-97A1-153C3E0823F4}.x86|Any CPU.Build.0 = x86|Any CPU
		{815A9824-A5B2-40D1-A86A-4FC6F3FE7DE6}.Debug|Any CPU.ActiveCfg = Debug|Any CPU
		{815A9824-A5B2-40D1-A86A-4FC6F3FE7DE6}.Debug|Any CPU.Build.0 = Debug|Any CPU
		{815A9824-A5B2-40D1-A86A-4FC6F3FE7DE6}.Release|Any CPU.ActiveCfg = Release|Any CPU
		{815A9824-A5B2-40D1-A86A-4FC6F3FE7DE6}.Release|Any CPU.Build.0 = Release|Any CPU
		{815A9824-A5B2-40D1-A86A-4FC6F3FE7DE6}.x86|Any CPU.ActiveCfg = x86|Any CPU
		{815A9824-A5B2-40D1-A86A-4FC6F3FE7DE6}.x86|Any CPU.Build.0 = x86|Any CPU
		{4832F7E4-F207-41F7-A1C8-B871EAD21CEF}.Debug|Any CPU.ActiveCfg = Debug|Any CPU
		{4832F7E4-F207-41F7-A1C8-B871EAD21CEF}.Debug|Any CPU.Build.0 = Debug|Any CPU
		{4832F7E4-F207-41F7-A1C8-B871EAD21CEF}.Release|Any CPU.ActiveCfg = Release|Any CPU
		{4832F7E4-F207-41F7-A1C8-B871EAD21CEF}.Release|Any CPU.Build.0 = Release|Any CPU
		{4832F7E4-F207-41F7-A1C8-B871EAD21CEF}.x86|Any CPU.ActiveCfg = x86|Any CPU
		{4832F7E4-F207-41F7-A1C8-B871EAD21CEF}.x86|Any CPU.Build.0 = x86|Any CPU
		{AC524995-840A-4D1E-86CE-3459F38DE328}.Debug|Any CPU.ActiveCfg = Debug|Any CPU
		{AC524995-840A-4D1E-86CE-3459F38DE328}.Debug|Any CPU.Build.0 = Debug|Any CPU
		{AC524995-840A-4D1E-86CE-3459F38DE328}.Release|Any CPU.ActiveCfg = Release|Any CPU
		{AC524995-840A-4D1E-86CE-3459F38DE328}.Release|Any CPU.Build.0 = Release|Any CPU
		{AC524995-840A-4D1E-86CE-3459F38DE328}.x86|Any CPU.ActiveCfg = x86|Any CPU
		{AC524995-840A-4D1E-86CE-3459F38DE328}.x86|Any CPU.Build.0 = x86|Any CPU
		{B7F825DD-5CC5-4AE1-8FA4-E8A9AD5EA1EE}.Debug|Any CPU.ActiveCfg = Debug|Any CPU
		{B7F825DD-5CC5-4AE1-8FA4-E8A9AD5EA1EE}.Debug|Any CPU.Build.0 = Debug|Any CPU
		{B7F825DD-5CC5-4AE1-8FA4-E8A9AD5EA1EE}.Release|Any CPU.ActiveCfg = Release|Any CPU
		{B7F825DD-5CC5-4AE1-8FA4-E8A9AD5EA1EE}.Release|Any CPU.Build.0 = Release|Any CPU
		{B7F825DD-5CC5-4AE1-8FA4-E8A9AD5EA1EE}.x86|Any CPU.ActiveCfg = x86|Any CPU
		{B7F825DD-5CC5-4AE1-8FA4-E8A9AD5EA1EE}.x86|Any CPU.Build.0 = x86|Any CPU
	EndGlobalSection
	GlobalSection(SolutionProperties) = preSolution
		HideSolutionNode = FALSE
	EndGlobalSection
	GlobalSection(NestedProjects) = preSolution
		{08A94140-9F5F-44AA-97A1-153C3E0823F4} = {3FBEC7D7-8CD1-4F72-A912-220A560FC47F}
		{7B96228A-A844-4B44-8548-266315A159A7} = {E9F9E809-E16C-4341-B76F-C13E82C2543C}
		{815A9824-A5B2-40D1-A86A-4FC6F3FE7DE6} = {71D2C4B6-D8EE-42F4-8C83-385464370A25}
		{4832F7E4-F207-41F7-A1C8-B871EAD21CEF} = {71D2C4B6-D8EE-42F4-8C83-385464370A25}
		{D97894F4-0A69-4D90-8CCC-65A1271F6279} = {02F50BBF-91E7-4355-B7EE-C3432BB50B94}
		{AC524995-840A-4D1E-86CE-3459F38DE328} = {02F50BBF-91E7-4355-B7EE-C3432BB50B94}
		{B7F825DD-5CC5-4AE1-8FA4-E8A9AD5EA1EE} = {02F50BBF-91E7-4355-B7EE-C3432BB50B94}
	EndGlobalSection
EndGlobal
